
Microsoft Visual Studio Solution File, Format Version 12.00
# Visual Studio Version 17
VisualStudioVersion = 17.2.32630.192
MinimumVisualStudioVersion = 10.0.40219.1
Project("{F184B08F-C81C-45F6-A57F-5ABD9991F28F}") = "Dexx", "Dexx\Dexx.vbproj", "{3282F29E-293E-4D0C-B1D8-FF597D63F737}"
EndProject
Global
	GlobalSection(SolutionConfigurationPlatforms) = preSolution
		Debug|Any CPU = Debug|Any CPU
		Release|Any CPU = Release|Any CPU
	EndGlobalSection
	GlobalSection(ProjectConfigurationPlatforms) = postSolution
		{3282F29E-293E-4D0C-B1D8-FF597D63F737}.Debug|Any CPU.ActiveCfg = Debug|Any CPU
		{3282F29E-293E-4D0C-B1D8-FF597D63F737}.Debug|Any CPU.Build.0 = Debug|Any CPU
		{3282F29E-293E-4D0C-B1D8-FF597D63F737}.Release|Any CPU.ActiveCfg = Release|Any CPU
		{3282F29E-293E-4D0C-B1D8-FF597D63F737}.Release|Any CPU.Build.0 = Release|Any CPU
	EndGlobalSection
	GlobalSection(SolutionProperties) = preSolution
		HideSolutionNode = FALSE
	EndGlobalSection
	GlobalSection(ExtensibilityGlobals) = postSolution
		SolutionGuid = {6B08502A-7174-4D34-BD25-ECC37E758944}
	EndGlobalSection
EndGlobal
